
Microsoft Visual Studio Solution File, Format Version 12.00
# Visual Studio Version 17
VisualStudioVersion = 17.8.34511.84
MinimumVisualStudioVersion = 10.0.40219.1
Project("{FAE04EC0-301F-11D3-BF4B-00C04F79EFBC}") = "AlmacenSN", "AlmacenSN.csproj", "{D716A235-8D97-4D7C-AD9C-E43F27D2F580}"
EndProject
Global
	GlobalSection(SolutionConfigurationPlatforms) = preSolution
		Debug|Any CPU = Debug|Any CPU
		Release|Any CPU = Release|Any CPU
	EndGlobalSection
	GlobalSection(ProjectConfigurationPlatforms) = postSolution
		{D716A235-8D97-4D7C-AD9C-E43F27D2F580}.Debug|Any CPU.ActiveCfg = Debug|Any CPU
		{D716A235-8D97-4D7C-AD9C-E43F27D2F580}.Debug|Any CPU.Build.0 = Debug|Any CPU
		{D716A235-8D97-4D7C-AD9C-E43F27D2F580}.Release|Any CPU.ActiveCfg = Release|Any CPU
		{D716A235-8D97-4D7C-AD9C-E43F27D2F580}.Release|Any CPU.Build.0 = Release|Any CPU
	EndGlobalSection
	GlobalSection(SolutionProperties) = preSolution
		HideSolutionNode = FALSE
	EndGlobalSection
	GlobalSection(ExtensibilityGlobals) = postSolution
		SolutionGuid = {DB441903-E7C1-4DDE-B7A9-54DF36F0DD25}
	EndGlobalSection
EndGlobal
